
Microsoft Visual Studio Solution File, Format Version 12.00
# Visual Studio Version 17
VisualStudioVersion = 17.7.34018.315
MinimumVisualStudioVersion = 10.0.40219.1
Project("{FAE04EC0-301F-11D3-BF4B-00C04F79EFBC}") = "ProjektKortNyFil", "ProjektKortNyFil\ProjektKortNyFil.csproj", "{77D0CB76-4EAE-4097-A9BB-F6D53B8C9C02}"
EndProject
Global
	GlobalSection(SolutionConfigurationPlatforms) = preSolution
		Debug|Any CPU = Debug|Any CPU
		Release|Any CPU = Release|Any CPU
	EndGlobalSection
	GlobalSection(ProjectConfigurationPlatforms) = postSolution
		{77D0CB76-4EAE-4097-A9BB-F6D53B8C9C02}.Debug|Any CPU.ActiveCfg = Debug|Any CPU
		{77D0CB76-4EAE-4097-A9BB-F6D53B8C9C02}.Debug|Any CPU.Build.0 = Debug|Any CPU
		{77D0CB76-4EAE-4097-A9BB-F6D53B8C9C02}.Release|Any CPU.ActiveCfg = Release|Any CPU
		{77D0CB76-4EAE-4097-A9BB-F6D53B8C9C02}.Release|Any CPU.Build.0 = Release|Any CPU
	EndGlobalSection
	GlobalSection(SolutionProperties) = preSolution
		HideSolutionNode = FALSE
	EndGlobalSection
	GlobalSection(ExtensibilityGlobals) = postSolution
		SolutionGuid = {E1A38480-432A-457E-ABF7-36434A6570E1}
	EndGlobalSection
EndGlobal
